
Microsoft Visual Studio Solution File, Format Version 12.00
# Visual Studio Version 16
VisualStudioVersion = 16.0.30907.101
MinimumVisualStudioVersion = 10.0.40219.1
Project("{9A19103F-16F7-4668-BE54-9A1E7A4F7556}") = "TimeAss4Video", "TimeAss4Video\TimeAss4Video.csproj", "{61251F37-C7F0-411D-958F-7988FAE1E6FB}"
EndProject
Global
	GlobalSection(SolutionConfigurationPlatforms) = preSolution
		Debug|Any CPU = Debug|Any CPU
		Release|Any CPU = Release|Any CPU
	EndGlobalSection
	GlobalSection(ProjectConfigurationPlatforms) = postSolution
		{61251F37-C7F0-411D-958F-7988FAE1E6FB}.Debug|Any CPU.ActiveCfg = Debug|Any CPU
		{61251F37-C7F0-411D-958F-7988FAE1E6FB}.Debug|Any CPU.Build.0 = Debug|Any CPU
		{61251F37-C7F0-411D-958F-7988FAE1E6FB}.Release|Any CPU.ActiveCfg = Release|Any CPU
		{61251F37-C7F0-411D-958F-7988FAE1E6FB}.Release|Any CPU.Build.0 = Release|Any CPU
	EndGlobalSection
	GlobalSection(SolutionProperties) = preSolution
		HideSolutionNode = FALSE
	EndGlobalSection
	GlobalSection(ExtensibilityGlobals) = postSolution
		SolutionGuid = {4A720148-C05F-454B-B96E-EF9D6A8401EE}
	EndGlobalSection
EndGlobal
